
Microsoft Visual Studio Solution File, Format Version 12.00
# Visual Studio Version 17
VisualStudioVersion = 17.13.35818.85 d17.13
MinimumVisualStudioVersion = 10.0.40219.1
Project("{FAE04EC0-301F-11D3-BF4B-00C04F79EFBC}") = "tpModul3_103022330070", "tpModul3_103022330070\tpModul3_103022330070.csproj", "{9EDC8FEF-7E1B-45D7-9FD2-202B62D11B8B}"
EndProject
Global
	GlobalSection(SolutionConfigurationPlatforms) = preSolution
		Debug|Any CPU = Debug|Any CPU
		Release|Any CPU = Release|Any CPU
	EndGlobalSection
	GlobalSection(ProjectConfigurationPlatforms) = postSolution
		{9EDC8FEF-7E1B-45D7-9FD2-202B62D11B8B}.Debug|Any CPU.ActiveCfg = Debug|Any CPU
		{9EDC8FEF-7E1B-45D7-9FD2-202B62D11B8B}.Debug|Any CPU.Build.0 = Debug|Any CPU
		{9EDC8FEF-7E1B-45D7-9FD2-202B62D11B8B}.Release|Any CPU.ActiveCfg = Release|Any CPU
		{9EDC8FEF-7E1B-45D7-9FD2-202B62D11B8B}.Release|Any CPU.Build.0 = Release|Any CPU
	EndGlobalSection
	GlobalSection(SolutionProperties) = preSolution
		HideSolutionNode = FALSE
	EndGlobalSection
	GlobalSection(ExtensibilityGlobals) = postSolution
		SolutionGuid = {C7363B29-4EAC-4F49-8F54-C93556614A8C}
	EndGlobalSection
EndGlobal
